
Microsoft Visual Studio Solution File, Format Version 12.00
# Visual Studio Version 16
VisualStudioVersion = 25.0.1706.12
MinimumVisualStudioVersion = 10.0.40219.1
Project("{FAE04EC0-301F-11D3-BF4B-00C04F79EFBC}") = "Test_CICD", "Test_CICD\Test_CICD.csproj", "{5181C6E2-0CA4-498B-AF80-860EB0BF3535}"
EndProject
Global
	GlobalSection(SolutionConfigurationPlatforms) = preSolution
		Debug|Any CPU = Debug|Any CPU
		Release|Any CPU = Release|Any CPU
	EndGlobalSection
	GlobalSection(ProjectConfigurationPlatforms) = postSolution
		{5181C6E2-0CA4-498B-AF80-860EB0BF3535}.Debug|Any CPU.ActiveCfg = Debug|Any CPU
		{5181C6E2-0CA4-498B-AF80-860EB0BF3535}.Debug|Any CPU.Build.0 = Debug|Any CPU
		{5181C6E2-0CA4-498B-AF80-860EB0BF3535}.Release|Any CPU.ActiveCfg = Release|Any CPU
		{5181C6E2-0CA4-498B-AF80-860EB0BF3535}.Release|Any CPU.Build.0 = Release|Any CPU
	EndGlobalSection
	GlobalSection(SolutionProperties) = preSolution
		HideSolutionNode = FALSE
	EndGlobalSection
	GlobalSection(ExtensibilityGlobals) = postSolution
		SolutionGuid = {C84ED8E6-181D-4C9F-843A-81DA7EF09F3D}
	EndGlobalSection
EndGlobal
